
Microsoft Visual Studio Solution File, Format Version 12.00
# Visual Studio 15
VisualStudioVersion = 15.0.28010.2026
MinimumVisualStudioVersion = 10.0.40219.1
Project("{FAE04EC0-301F-11D3-BF4B-00C04F79EFBC}") = "MyClientServerApp", "MyClientServerApp\MyClientServerApp.csproj", "{8939C721-3D1B-41C5-8E15-2C3436A13A00}"
EndProject
Global
	GlobalSection(SolutionConfigurationPlatforms) = preSolution
		Debug|Any CPU = Debug|Any CPU
		Release|Any CPU = Release|Any CPU
	EndGlobalSection
	GlobalSection(ProjectConfigurationPlatforms) = postSolution
		{8939C721-3D1B-41C5-8E15-2C3436A13A00}.Debug|Any CPU.ActiveCfg = Debug|Any CPU
		{8939C721-3D1B-41C5-8E15-2C3436A13A00}.Debug|Any CPU.Build.0 = Debug|Any CPU
		{8939C721-3D1B-41C5-8E15-2C3436A13A00}.Release|Any CPU.ActiveCfg = Release|Any CPU
		{8939C721-3D1B-41C5-8E15-2C3436A13A00}.Release|Any CPU.Build.0 = Release|Any CPU
	EndGlobalSection
	GlobalSection(SolutionProperties) = preSolution
		HideSolutionNode = FALSE
	EndGlobalSection
	GlobalSection(ExtensibilityGlobals) = postSolution
		SolutionGuid = {AE4AF1D4-D86A-4221-A22C-7634930D6AE6}
	EndGlobalSection
EndGlobal
